
Microsoft Visual Studio Solution File, Format Version 12.00
# Visual Studio 15
VisualStudioVersion = 15.0.28307.539
MinimumVisualStudioVersion = 10.0.40219.1
Project("{FAE04EC0-301F-11D3-BF4B-00C04F79EFBC}") = "MISA.QLTH.VN", "MISA.QLTH.VN\MISA.QLTH.VN.csproj", "{614BCD22-B9C4-4538-B7DC-A4E988EF8F39}"
EndProject
Global
	GlobalSection(SolutionConfigurationPlatforms) = preSolution
		Debug|Any CPU = Debug|Any CPU
		Debug|ARM = Debug|ARM
		Debug|ARM64 = Debug|ARM64
		Debug|x64 = Debug|x64
		Debug|x86 = Debug|x86
		Release|Any CPU = Release|Any CPU
		Release|ARM = Release|ARM
		Release|ARM64 = Release|ARM64
		Release|x64 = Release|x64
		Release|x86 = Release|x86
	EndGlobalSection
	GlobalSection(ProjectConfigurationPlatforms) = postSolution
		{614BCD22-B9C4-4538-B7DC-A4E988EF8F39}.Debug|Any CPU.ActiveCfg = Debug|Any CPU
		{614BCD22-B9C4-4538-B7DC-A4E988EF8F39}.Debug|Any CPU.Build.0 = Debug|Any CPU
		{614BCD22-B9C4-4538-B7DC-A4E988EF8F39}.Debug|ARM.ActiveCfg = Debug|Any CPU
		{614BCD22-B9C4-4538-B7DC-A4E988EF8F39}.Debug|ARM.Build.0 = Debug|Any CPU
		{614BCD22-B9C4-4538-B7DC-A4E988EF8F39}.Debug|ARM64.ActiveCfg = Debug|Any CPU
		{614BCD22-B9C4-4538-B7DC-A4E988EF8F39}.Debug|ARM64.Build.0 = Debug|Any CPU
		{614BCD22-B9C4-4538-B7DC-A4E988EF8F39}.Debug|x64.ActiveCfg = Debug|Any CPU
		{614BCD22-B9C4-4538-B7DC-A4E988EF8F39}.Debug|x64.Build.0 = Debug|Any CPU
		{614BCD22-B9C4-4538-B7DC-A4E988EF8F39}.Debug|x86.ActiveCfg = Debug|Any CPU
		{614BCD22-B9C4-4538-B7DC-A4E988EF8F39}.Debug|x86.Build.0 = Debug|Any CPU
		{614BCD22-B9C4-4538-B7DC-A4E988EF8F39}.Release|Any CPU.ActiveCfg = Release|Any CPU
		{614BCD22-B9C4-4538-B7DC-A4E988EF8F39}.Release|Any CPU.Build.0 = Release|Any CPU
		{614BCD22-B9C4-4538-B7DC-A4E988EF8F39}.Release|ARM.ActiveCfg = Release|Any CPU
		{614BCD22-B9C4-4538-B7DC-A4E988EF8F39}.Release|ARM.Build.0 = Release|Any CPU
		{614BCD22-B9C4-4538-B7DC-A4E988EF8F39}.Release|ARM64.ActiveCfg = Release|Any CPU
		{614BCD22-B9C4-4538-B7DC-A4E988EF8F39}.Release|ARM64.Build.0 = Release|Any CPU
		{614BCD22-B9C4-4538-B7DC-A4E988EF8F39}.Release|x64.ActiveCfg = Release|Any CPU
		{614BCD22-B9C4-4538-B7DC-A4E988EF8F39}.Release|x64.Build.0 = Release|Any CPU
		{614BCD22-B9C4-4538-B7DC-A4E988EF8F39}.Release|x86.ActiveCfg = Release|Any CPU
		{614BCD22-B9C4-4538-B7DC-A4E988EF8F39}.Release|x86.Build.0 = Release|Any CPU
	EndGlobalSection
	GlobalSection(SolutionProperties) = preSolution
		HideSolutionNode = FALSE
	EndGlobalSection
	GlobalSection(ExtensibilityGlobals) = postSolution
		SolutionGuid = {AA12CB16-0951-4064-AED6-AC95AA908FEF}
	EndGlobalSection
	GlobalSection(TeamFoundationVersionControl) = preSolution
		SccNumberOfProjects = 2
		SccEnterpriseProvider = {4CA58AB2-18FA-4F8D-95D4-32DDF27D184C}
		SccTeamFoundationServer = https://dev.azure.com/duongcopeo
		SccLocalPath0 = .
		SccProjectUniqueName1 = MISA.QLTH.VN\\MISA.QLTH.VN.csproj
		SccProjectName1 = MISA.QLTH.VN
		SccLocalPath1 = MISA.QLTH.VN
	EndGlobalSection
EndGlobal
